
Microsoft Visual Studio Solution File, Format Version 12.00
# Visual Studio Version 17
VisualStudioVersion = 17.9.34607.119
MinimumVisualStudioVersion = 10.0.40219.1
Project("{FAE04EC0-301F-11D3-BF4B-00C04F79EFBC}") = "HackerNewsAPI", "HackerNewsAPI\HackerNewsAPI.csproj", "{C6A02BEA-B268-41BF-874D-FF9F7E57D716}"
EndProject
Project("{FAE04EC0-301F-11D3-BF4B-00C04F79EFBC}") = "HackerNewsAPI.Service", "HackerNewsAPI.Service\HackerNewsAPI.Service.csproj", "{8D1FD589-5164-44ED-96A6-89C7309234B5}"
EndProject
Project("{FAE04EC0-301F-11D3-BF4B-00C04F79EFBC}") = "HackerNewsAPI.DTO", "HackerNewsAPI.DTO\HackerNewsAPI.DTO.csproj", "{4784D58B-07B1-474E-9713-148770AA8971}"
EndProject
Global
	GlobalSection(SolutionConfigurationPlatforms) = preSolution
		Debug|Any CPU = Debug|Any CPU
		Release|Any CPU = Release|Any CPU
	EndGlobalSection
	GlobalSection(ProjectConfigurationPlatforms) = postSolution
		{C6A02BEA-B268-41BF-874D-FF9F7E57D716}.Debug|Any CPU.ActiveCfg = Debug|Any CPU
		{C6A02BEA-B268-41BF-874D-FF9F7E57D716}.Debug|Any CPU.Build.0 = Debug|Any CPU
		{C6A02BEA-B268-41BF-874D-FF9F7E57D716}.Release|Any CPU.ActiveCfg = Release|Any CPU
		{C6A02BEA-B268-41BF-874D-FF9F7E57D716}.Release|Any CPU.Build.0 = Release|Any CPU
		{8D1FD589-5164-44ED-96A6-89C7309234B5}.Debug|Any CPU.ActiveCfg = Debug|Any CPU
		{8D1FD589-5164-44ED-96A6-89C7309234B5}.Debug|Any CPU.Build.0 = Debug|Any CPU
		{8D1FD589-5164-44ED-96A6-89C7309234B5}.Release|Any CPU.ActiveCfg = Release|Any CPU
		{8D1FD589-5164-44ED-96A6-89C7309234B5}.Release|Any CPU.Build.0 = Release|Any CPU
		{4784D58B-07B1-474E-9713-148770AA8971}.Debug|Any CPU.ActiveCfg = Debug|Any CPU
		{4784D58B-07B1-474E-9713-148770AA8971}.Debug|Any CPU.Build.0 = Debug|Any CPU
		{4784D58B-07B1-474E-9713-148770AA8971}.Release|Any CPU.ActiveCfg = Release|Any CPU
		{4784D58B-07B1-474E-9713-148770AA8971}.Release|Any CPU.Build.0 = Release|Any CPU
	EndGlobalSection
	GlobalSection(SolutionProperties) = preSolution
		HideSolutionNode = FALSE
	EndGlobalSection
	GlobalSection(ExtensibilityGlobals) = postSolution
		SolutionGuid = {1FE980EB-1140-45FC-BDBF-F9361D194D86}
	EndGlobalSection
EndGlobal
